
Microsoft Visual Studio Solution File, Format Version 11.00
# Visual Studio 2010
Project("{8BC9CEB8-8B4A-11D0-8D11-00A0C91BC942}") = "lab1.2", "lab1.2\lab1.2.vcxproj", "{3CF4F2CC-AA02-4C04-B03F-346CD937B46A}"
EndProject
Global
	GlobalSection(SolutionConfigurationPlatforms) = preSolution
		Debug|Win32 = Debug|Win32
		Release|Win32 = Release|Win32
	EndGlobalSection
	GlobalSection(ProjectConfigurationPlatforms) = postSolution
		{3CF4F2CC-AA02-4C04-B03F-346CD937B46A}.Debug|Win32.ActiveCfg = Debug|Win32
		{3CF4F2CC-AA02-4C04-B03F-346CD937B46A}.Debug|Win32.Build.0 = Debug|Win32
		{3CF4F2CC-AA02-4C04-B03F-346CD937B46A}.Release|Win32.ActiveCfg = Release|Win32
		{3CF4F2CC-AA02-4C04-B03F-346CD937B46A}.Release|Win32.Build.0 = Release|Win32
	EndGlobalSection
	GlobalSection(SolutionProperties) = preSolution
		HideSolutionNode = FALSE
	EndGlobalSection
EndGlobal
